
Microsoft Visual Studio Solution File, Format Version 12.00
# Visual Studio Version 16
VisualStudioVersion = 16.0.32228.343
MinimumVisualStudioVersion = 10.0.40219.1
Project("{FAE04EC0-301F-11D3-BF4B-00C04F79EFBC}") = "cbb", "cbb\cbb.csproj", "{AAF71256-05E3-49CA-8F57-B4B53D78D589}"
EndProject
Project("{2150E333-8FDC-42A3-9474-1A3956D46DE8}") = "Solution Items", "Solution Items", "{CBD085B1-1190-4A58-9250-C6C2300EB716}"
	ProjectSection(SolutionItems) = preProject
		addin\cbb.addin = addin\cbb.addin
	EndProjectSection
EndProject
Global
	GlobalSection(SolutionConfigurationPlatforms) = preSolution
		Debug|Any CPU = Debug|Any CPU
		Debug|x64 = Debug|x64
		Release|Any CPU = Release|Any CPU
		Release|x64 = Release|x64
	EndGlobalSection
	GlobalSection(ProjectConfigurationPlatforms) = postSolution
		{AAF71256-05E3-49CA-8F57-B4B53D78D589}.Debug|Any CPU.ActiveCfg = Debug|Any CPU
		{AAF71256-05E3-49CA-8F57-B4B53D78D589}.Debug|Any CPU.Build.0 = Debug|Any CPU
		{AAF71256-05E3-49CA-8F57-B4B53D78D589}.Debug|x64.ActiveCfg = Debug|x64
		{AAF71256-05E3-49CA-8F57-B4B53D78D589}.Debug|x64.Build.0 = Debug|x64
		{AAF71256-05E3-49CA-8F57-B4B53D78D589}.Release|Any CPU.ActiveCfg = Release|Any CPU
		{AAF71256-05E3-49CA-8F57-B4B53D78D589}.Release|Any CPU.Build.0 = Release|Any CPU
		{AAF71256-05E3-49CA-8F57-B4B53D78D589}.Release|x64.ActiveCfg = Release|x64
		{AAF71256-05E3-49CA-8F57-B4B53D78D589}.Release|x64.Build.0 = Release|x64
	EndGlobalSection
	GlobalSection(SolutionProperties) = preSolution
		HideSolutionNode = FALSE
	EndGlobalSection
	GlobalSection(ExtensibilityGlobals) = postSolution
		SolutionGuid = {06E7439E-177F-411E-8BA3-C39EB39ED123}
	EndGlobalSection
EndGlobal
